schema: '2.0'
stages:
  prepare:
    cmd: python src/prepare.py
    deps:
    - path: src/prepare.py
      hash: md5
      md5: f03d0e6d79f4b6d705d1696ab48bfd38
      size: 529
    outs:
    - path: data/raw/data.npz
      hash: md5
      md5: 720c3b47900df7fba0d3e63631d422ee
      size: 30869925
  preprocess:
    cmd: python src/preprocess.py
    deps:
    - path: data/raw/data.npz
      hash: md5
      md5: 720c3b47900df7fba0d3e63631d422ee
      size: 30869925
    - path: src/preprocess.py
      hash: md5
      md5: 02ab8034d3b781c5d5719e327c128f23
      size: 1081
    params:
      params.yaml:
        preprocess.seed: 42
        preprocess.validation_size: 0.1
    outs:
    - path: data/processed/data.npz
      hash: md5
      md5: 7e437c41d31fce09d23b3ee2a14596fa
      size: 45749086
  train:
    cmd: python src/train.py
    deps:
    - path: data/processed/data.npz
      hash: md5
      md5: 7e437c41d31fce09d23b3ee2a14596fa
      size: 45749086
    - path: src/train.py
      hash: md5
      md5: 886d59bf175a8e3c3862e1f98924d9a2
      size: 1653
    params:
      params.yaml:
        train.batch_size: 128
        train.dense_units: 384
        train.dropout_rate: 0.25
        train.epochs: 12
        train.learning_rate: 0.001
    outs:
    - path: models/history.csv
      hash: md5
      md5: d6a25278a642340db4ea2a36b950789d
      size: 969
    - path: models/model.h5
      hash: md5
      md5: 1762378a64791681be629d0c1d17529b
      size: 3687512
  evaluate:
    cmd: python src/evaluate.py
    deps:
    - path: data/processed/data.npz
      hash: md5
      md5: 7e437c41d31fce09d23b3ee2a14596fa
      size: 45749086
    - path: models/model.h5
      hash: md5
      md5: 1762378a64791681be629d0c1d17529b
      size: 3687512
    - path: src/evaluate.py
      hash: md5
      md5: 8fd20e5b3b0b07682955a224e5ba99b2
      size: 1326
    outs:
    - path: metrics.json
      hash: md5
      md5: 90e4ffc0b669ae699aa8d396d70af677
      size: 81
    - path: reports/confusion_matrix.png
      hash: md5
      md5: 1bd73e17f127924c5e6381dd3e9bb752
      size: 24602
